{
    "_readme": [
        "This file locks the dependencies of your project to a known state",
        "Read more about it at https://getcomposer.org/doc/01-basic-usage.md#installing-dependencies",
        "This file is @generated automatically"
    ],
    "content-hash": "d6368f1d5fc16358ec30dbb02aebddb6",
    "packages": [
        {
            "name": "phptheme/bootstrap4",
            "version": "dev-master",
            "source": {
                "type": "git",
                "url": "https://github.com/phptheme/bootstrap4.git",
                "reference": "18900f1f14f129e07f19e96e4e68906af04da665"
            },
            "dist": {
                "type": "zip",
                "url": "https://api.github.com/repos/phptheme/bootstrap4/zipball/18900f1f14f129e07f19e96e4e68906af04da665",
                "reference": "18900f1f14f129e07f19e96e4e68906af04da665",
                "shasum": ""
            },
            "require": {
                "phptheme/core": "dev-master"
            },
            "type": "library",
            "autoload": {
                "psr-4": {
                    "PhpTheme\\Bootstrap4\\": ""
                }
            },
            "notification-url": "https://packagist.org/downloads/",
            "license": [
                "MIT"
            ],
            "time": "2019-07-14T05:36:32+00:00"
        },
        {
            "name": "phptheme/core",
            "version": "dev-master",
            "source": {
                "type": "git",
                "url": "https://github.com/phptheme/core.git",
                "reference": "fe14e3ccf12117cad7191c48cd3660640169e6f4"
            },
            "dist": {
                "type": "zip",
                "url": "https://api.github.com/repos/phptheme/core/zipball/fe14e3ccf12117cad7191c48cd3660640169e6f4",
                "reference": "fe14e3ccf12117cad7191c48cd3660640169e6f4",
                "shasum": ""
            },
            "require": {
                "composer-plugin-api": "^1.0"
            },
            "type": "library",
            "autoload": {
                "psr-4": {
                    "PhpTheme\\Core\\": "",
                    "PhpTheme\\Helpers\\": "Helpers/",
                    "PhpTheme\\Html\\": "Html/"
                }
            },
            "notification-url": "https://packagist.org/downloads/",
            "license": [
                "MIT"
            ],
            "time": "2019-07-14T05:40:46+00:00"
        },
        {
            "name": "phptheme/theme-cool-admin",
            "version": "dev-master",
            "source": {
                "type": "git",
                "url": "https://github.com/phptheme/theme-cool-admin.git",
                "reference": "7812fdaabb4e78592e362e91369cacea39e7b6ac"
            },
            "dist": {
                "type": "zip",
                "url": "https://api.github.com/repos/phptheme/theme-cool-admin/zipball/7812fdaabb4e78592e362e91369cacea39e7b6ac",
                "reference": "7812fdaabb4e78592e362e91369cacea39e7b6ac",
                "shasum": ""
            },
            "require": {
                "phptheme/bootstrap4": "dev-master"
            },
            "type": "library",
            "autoload": {
                "psr-4": {
                    "PhpTheme\\CoolAdminTheme\\": ""
                }
            },
            "notification-url": "https://packagist.org/downloads/",
            "license": [
                "MIT"
            ],
            "time": "2019-07-14T05:49:43+00:00"
        }
    ],
    "packages-dev": [],
    "aliases": [],
    "minimum-stability": "dev",
    "stability-flags": {
        "phptheme/theme-cool-admin": 20
    },
    "prefer-stable": true,
    "prefer-lowest": false,
    "platform": [],
    "platform-dev": []
}
